schema: '2.0'
stages:
  preprocess:
    cmd: python src/data/data_formatting.py
    deps:
    - path: data/raw/cell2celltrain.csv
      hash: md5
      md5: 4e746027551a40b649677606bd4e80a3
      size: 13365153
    - path: src/data/data_formatting.py
      hash: md5
      md5: 6a7dbab9762af27012feae8c7cacb6c9
      size: 6901
    outs:
    - path: data/processed/X_test.csv
      hash: md5
      md5: 875df7abdba35f9f7ad1014e7894b6e3
      size: 3161365
    - path: data/processed/X_train.csv
      hash: md5
      md5: daa77223f349318cc08fe92ae5389a22
      size: 7373742
    - path: data/processed/test_index.pkl
      hash: md5
      md5: 96984e84ca84179fc465e54d050ac11a
      size: 122758
    - path: data/processed/train_index.pkl
      hash: md5
      md5: 24064561f75678c7612b7fa04ea3c159
      size: 286094
    - path: data/processed/y_test.csv
      hash: md5
      md5: 0ef58160bf9301ced2fa3dfbba0f5543
      size: 45952
    - path: data/processed/y_train.csv
      hash: md5
      md5: 97eb91ba29eea4e3d7cff24dc4f64bba
      size: 107203
    - path: encoders/OneHotEncoder.pkl
      hash: md5
      md5: 86e0723f69630d29f5ba230484ac9f07
      size: 748
    - path: encoders/SimpleImputer.pkl
      hash: md5
      md5: 341c5d3e72b0148e52190d58656d1396
      size: 477
    - path: encoders/TargetEncoder.pkl
      hash: md5
      md5: d3d1dc0591179e942a168f885a4e13ed
      size: 37778
