schema: '2.0'
stages:
  preprocess:
    cmd: python src/data/data_formatting.py
    deps:
    - path: data/raw/cell2celltrain.csv
      hash: md5
      md5: 4e746027551a40b649677606bd4e80a3
      size: 13365153
    - path: src/data/data_formatting.py
      hash: md5
      md5: cfb6fb8e411aa37c621cbad22d731150
      size: 8055
    - path: src/data/data_functions.py
      hash: md5
      md5: df9d275f501db1d55f013da4bf84008b
      size: 1353
    outs:
    - path: data/processed/X_test.csv
      hash: md5
      md5: ea1bc19a5aea256c1471b19d210d027b
      size: 3027816
    - path: data/processed/X_train.csv
      hash: md5
      md5: febbe3084a07e06c770fd4238025a68a
      size: 6052401
    - path: data/processed/X_val.csv
      hash: md5
      md5: 01e6cd870db1df05e0742b7973119f4d
      size: 3026052
    - path: data/processed/test_index.pkl
      hash: md5
      md5: 8d8b6390f445d33e3280806bf27217cf
      size: 102333
    - path: data/processed/train_index.pkl
      hash: md5
      md5: 57abc930081035506e6f624f529ffe19
      size: 204421
    - path: data/processed/validation_index.pkl
      hash: md5
      md5: 1609e13d566a6b8bb7f86a1be3e7e28a
      size: 102333
    - path: data/processed/y_test.csv
      hash: md5
      md5: 626d8b1a14de173c1cb7341158c8319d
      size: 38293
    - path: data/processed/y_train.csv
      hash: md5
      md5: ebe822bfa2c8fcc82704b01da39e09d7
      size: 76576
    - path: encoders/OneHotEncoder.pkl
      hash: md5
      md5: 0d85ccca5f449f38de471324ff8046c1
      size: 747
    - path: encoders/SimpleImputer.pkl
      hash: md5
      md5: 8ff244ae157821f51cf207b743fcf2ae
      size: 476
    - path: encoders/TargetEncoder.pkl
      hash: md5
      md5: 9bda57851b254428bf7cc4168f67851f
      size: 30250
  eda:
    cmd: python src/data/data_exploration.py
    deps:
    - path: src/data/data_exploration.py
      hash: md5
      md5: d5f655013df2493a4741222c450a7d68
      size: 3613
    - path: src/data/data_functions.py
      hash: md5
      md5: df9d275f501db1d55f013da4bf84008b
      size: 1353
    outs:
    - path: data/processed/highly_correlated_feature_pairs.pkl
      hash: md5
      md5: 1127637dac654316ac93cb03c012617e
      size: 207
    - path: images/eda/
      hash: md5
      md5: 1320d25af0d3e853a97a000f4e0ff48f.dir
      size: 2282823
      nfiles: 10
