schema: '2.0'
stages:
  preprocess:
    cmd: python src/data/data_formatting.py
    deps:
    - path: data/raw/cell2celltrain.csv
      hash: md5
      md5: 4e746027551a40b649677606bd4e80a3
      size: 13365153
    - path: src/data/data_formatting.py
      hash: md5
      md5: 2c6bf17df9eab383a05a6aefbd05dade
      size: 6977
    outs:
    - path: data/processed/X_test.csv
      hash: md5
      md5: a35f87b1e9caa253aa6c225c7dab3692
      size: 3161246
    - path: data/processed/X_train.csv
      hash: md5
      md5: 3643fafa614f4bda4d2547a0ee4e3301
      size: 7373916
    - path: data/processed/test_index.pkl
      hash: md5
      md5: 7c690cf2252f67046d05e7f64f51e6ab
      size: 122758
    - path: data/processed/train_index.pkl
      hash: md5
      md5: 8ea8c97b2719311927f0251f22995073
      size: 286094
    - path: data/processed/y_test.csv
      hash: md5
      md5: 3363f8e240f73b0b02af4f3a2aa27218
      size: 45952
    - path: data/processed/y_train.csv
      hash: md5
      md5: 118aba1b6624b28fa0f6777bd7b9aaab
      size: 107203
    - path: encoders/OneHotEncoder.pkl
      hash: md5
      md5: 86e0723f69630d29f5ba230484ac9f07
      size: 748
    - path: encoders/SimpleImputer.pkl
      hash: md5
      md5: 341c5d3e72b0148e52190d58656d1396
      size: 477
    - path: encoders/TargetEncoder.pkl
      hash: md5
      md5: e2c6246a4edc811a9a1beb2221f4db92
      size: 37775
